
Microsoft Visual Studio Solution File, Format Version 12.00
# Visual Studio Express 2013 for Windows Desktop
VisualStudioVersion = 12.0.31101.0
MinimumVisualStudioVersion = 10.0.40219.1
Project("{8BC9CEB8-8B4A-11D0-8D11-00A0C91BC942}") = "Graphic2", "Graphic2\Graphic2.vcxproj", "{2337EB0B-8D39-4FBE-9A93-B7800BD98546}"
EndProject
Project("{2150E333-8FDC-42A3-9474-1A3956D46DE8}") = "Solution Items", "Solution Items", "{569F50B4-2991-4FBF-8F46-AE1138E31A32}"
EndProject
Global
	GlobalSection(SolutionConfigurationPlatforms) = preSolution
		Debug|Win32 = Debug|Win32
		Release|Win32 = Release|Win32
	EndGlobalSection
	GlobalSection(ProjectConfigurationPlatforms) = postSolution
		{2337EB0B-8D39-4FBE-9A93-B7800BD98546}.Debug|Win32.ActiveCfg = Debug|Win32
		{2337EB0B-8D39-4FBE-9A93-B7800BD98546}.Debug|Win32.Build.0 = Debug|Win32
		{2337EB0B-8D39-4FBE-9A93-B7800BD98546}.Release|Win32.ActiveCfg = Release|Win32
		{2337EB0B-8D39-4FBE-9A93-B7800BD98546}.Release|Win32.Build.0 = Release|Win32
	EndGlobalSection
	GlobalSection(SolutionProperties) = preSolution
		HideSolutionNode = FALSE
	EndGlobalSection
EndGlobal
